
Microsoft Visual Studio Solution File, Format Version 12.00
# Visual Studio Version 17
VisualStudioVersion = 17.3.32929.385
MinimumVisualStudioVersion = 10.0.40219.1
Project("{F184B08F-C81C-45F6-A57F-5ABD9991F28F}") = "log'n", "log'n\log'n.vbproj", "{91324144-334D-472A-B10F-D614977FE23D}"
EndProject
Global
	GlobalSection(SolutionConfigurationPlatforms) = preSolution
		Debug|Any CPU = Debug|Any CPU
		Release|Any CPU = Release|Any CPU
	EndGlobalSection
	GlobalSection(ProjectConfigurationPlatforms) = postSolution
		{91324144-334D-472A-B10F-D614977FE23D}.Debug|Any CPU.ActiveCfg = Debug|Any CPU
		{91324144-334D-472A-B10F-D614977FE23D}.Debug|Any CPU.Build.0 = Debug|Any CPU
		{91324144-334D-472A-B10F-D614977FE23D}.Release|Any CPU.ActiveCfg = Release|Any CPU
		{91324144-334D-472A-B10F-D614977FE23D}.Release|Any CPU.Build.0 = Release|Any CPU
	EndGlobalSection
	GlobalSection(SolutionProperties) = preSolution
		HideSolutionNode = FALSE
	EndGlobalSection
	GlobalSection(ExtensibilityGlobals) = postSolution
		SolutionGuid = {8A887CC0-7C50-4FC3-8DED-891DE265D8C2}
	EndGlobalSection
EndGlobal
